
Microsoft Visual Studio Solution File, Format Version 12.00
# Visual Studio Version 16
VisualStudioVersion = 16.0.30413.136
MinimumVisualStudioVersion = 10.0.40219.1
Project("{FAE04EC0-301F-11D3-BF4B-00C04F79EFBC}") = "fsdfeas", "fsdfeas\fsdfeas.csproj", "{62E10D23-0A67-4828-BDED-4BDD10DE8799}"
EndProject
Global
	GlobalSection(SolutionConfigurationPlatforms) = preSolution
		Debug|Any CPU = Debug|Any CPU
		Release|Any CPU = Release|Any CPU
	EndGlobalSection
	GlobalSection(ProjectConfigurationPlatforms) = postSolution
		{62E10D23-0A67-4828-BDED-4BDD10DE8799}.Debug|Any CPU.ActiveCfg = Debug|Any CPU
		{62E10D23-0A67-4828-BDED-4BDD10DE8799}.Debug|Any CPU.Build.0 = Debug|Any CPU
		{62E10D23-0A67-4828-BDED-4BDD10DE8799}.Release|Any CPU.ActiveCfg = Release|Any CPU
		{62E10D23-0A67-4828-BDED-4BDD10DE8799}.Release|Any CPU.Build.0 = Release|Any CPU
	EndGlobalSection
	GlobalSection(SolutionProperties) = preSolution
		HideSolutionNode = FALSE
	EndGlobalSection
	GlobalSection(ExtensibilityGlobals) = postSolution
		SolutionGuid = {CF570B62-88B7-493B-B33A-25813907BD65}
	EndGlobalSection
EndGlobal
